// !$*UTF8*$!
{
	archiveVersion = 1;
	classes = {
	};
	objectVersion = 50;
	objects = {

/* Begin PBXBuildFile section */
		567E3BBE01BCDB66A7A2388E /* Pods_MatchEmUpGameTest.framework in Frameworks */ = {isa = PBXBuildFile; fileRef = 3D632BBE8436E8DB06242C8B /* Pods_MatchEmUpGameTest.framework */; };
		9D9207CD2226D9A3001593BF /* AppDelegate.swift in Sources */ = {isa = PBXBuildFile; fileRef = 9D9207CC2226D9A3001593BF /* AppDelegate.swift */; };
		9D9207CF2226D9A3001593BF /* ViewController.swift in Sources */ = {isa = PBXBuildFile; fileRef = 9D9207CE2226D9A3001593BF /* ViewController.swift */; };
		9D9207D22226D9A3001593BF /* Main.storyboard in Resources */ = {isa = PBXBuildFile; fileRef = 9D9207D02226D9A3001593BF /* Main.storyboard */; };
		9D9207D42226D9A5001593BF /* Assets.xcassets in Resources */ = {isa = PBXBuildFile; fileRef = 9D9207D32226D9A5001593BF /* Assets.xcassets */; };
		9D9207D72226D9A5001593BF /* LaunchScreen.storyboard in Resources */ = {isa = PBXBuildFile; fileRef = 9D9207D52226D9A5001593BF /* LaunchScreen.storyboard */; };
		9D9207E02226DADE001593BF /* Strings.swift in Sources */ = {isa = PBXBuildFile; fileRef = 9D9207DF2226DADE001593BF /* Strings.swift */; };
		9D9207E22226DAF7001593BF /* Colors.swift in Sources */ = {isa = PBXBuildFile; fileRef = 9D9207E12226DAF7001593BF /* Colors.swift */; };
		9D9207E42226DE1E001593BF /* RestAPI.swift in Sources */ = {isa = PBXBuildFile; fileRef = 9D9207E32226DE1E001593BF /* RestAPI.swift */; };
		9D9207E62226E15A001593BF /* Settings.swift in Sources */ = {isa = PBXBuildFile; fileRef = 9D9207E52226E15A001593BF /* Settings.swift */; };
		9D9207E92226FC52001593BF /* CollectionViewCell.swift in Sources */ = {isa = PBXBuildFile; fileRef = 9D9207E72226FC52001593BF /* CollectionViewCell.swift */; };
		9D9207EA2226FC52001593BF /* CollectionViewCell.xib in Resources */ = {isa = PBXBuildFile; fileRef = 9D9207E82226FC52001593BF /* CollectionViewCell.xib */; };
/* End PBXBuildFile section */

/* Begin PBXFileReference section */
		3D632BBE8436E8DB06242C8B /* Pods_MatchEmUpGameTest.framework */ = {isa = PBXFileReference; explicitFileType = wrapper.framework; includeInIndex = 0; path = Pods_MatchEmUpGameTest.framework; sourceTree = BUILT_PRODUCTS_DIR; };
		87F58B251AFD61202C5E1B81 /* Pods-MatchEmUpGameTest.debug.xcconfig */ = {isa = PBXFileReference; includeInIndex = 1; lastKnownFileType = text.xcconfig; name = "Pods-MatchEmUpGameTest.debug.xcconfig"; path = "Target Support Files/Pods-MatchEmUpGameTest/Pods-MatchEmUpGameTest.debug.xcconfig"; sourceTree = "<group>"; };
		8A16F92E0EE75582EB65C639 /* Pods-MatchEmUpGameTest.release.xcconfig */ = {isa = PBXFileReference; includeInIndex = 1; lastKnownFileType = text.xcconfig; name = "Pods-MatchEmUpGameTest.release.xcconfig"; path = "Target Support Files/Pods-MatchEmUpGameTest/Pods-MatchEmUpGameTest.release.xcconfig"; sourceTree = "<group>"; };
		9D9207C92226D9A3001593BF /* MatchEmUpGameTest.app */ = {isa = PBXFileReference; explicitFileType = wrapper.application; includeInIndex = 0; path = MatchEmUpGameTest.app; sourceTree = BUILT_PRODUCTS_DIR; };
		9D9207CC2226D9A3001593BF /* AppDelegate.swift */ = {isa = PBXFileReference; lastKnownFileType = sourcecode.swift; path = AppDelegate.swift; sourceTree = "<group>"; };
		9D9207CE2226D9A3001593BF /* ViewController.swift */ = {isa = PBXFileReference; lastKnownFileType = sourcecode.swift; path = ViewController.swift; sourceTree = "<group>"; };
		9D9207D12226D9A3001593BF /* Base */ = {isa = PBXFileReference; lastKnownFileType = file.storyboard; name = Base; path = Base.lproj/Main.storyboard; sourceTree = "<group>"; };
		9D9207D32226D9A5001593BF /* Assets.xcassets */ = {isa = PBXFileReference; lastKnownFileType = folder.assetcatalog; path = Assets.xcassets; sourceTree = "<group>"; };
		9D9207D62226D9A5001593BF /* Base */ = {isa = PBXFileReference; lastKnownFileType = file.storyboard; name = Base; path = Base.lproj/LaunchScreen.storyboard; sourceTree = "<group>"; };
		9D9207D82226D9A5001593BF /* Info.plist */ = {isa = PBXFileReference; lastKnownFileType = text.plist.xml; path = Info.plist; sourceTree = "<group>"; };
		9D9207DF2226DADE001593BF /* Strings.swift */ = {isa = PBXFileReference; lastKnownFileType = sourcecode.swift; path = Strings.swift; sourceTree = "<group>"; };
		9D9207E12226DAF7001593BF /* Colors.swift */ = {isa = PBXFileReference; lastKnownFileType = sourcecode.swift; path = Colors.swift; sourceTree = "<group>"; };
		9D9207E32226DE1E001593BF /* RestAPI.swift */ = {isa = PBXFileReference; lastKnownFileType = sourcecode.swift; path = RestAPI.swift; sourceTree = "<group>"; };
		9D9207E52226E15A001593BF /* Settings.swift */ = {isa = PBXFileReference; lastKnownFileType = sourcecode.swift; path = Settings.swift; sourceTree = "<group>"; };
		9D9207E72226FC52001593BF /* CollectionViewCell.swift */ = {isa = PBXFileReference; lastKnownFileType = sourcecode.swift; path = CollectionViewCell.swift; sourceTree = "<group>"; };
		9D9207E82226FC52001593BF /* CollectionViewCell.xib */ = {isa = PBXFileReference; lastKnownFileType = file.xib; path = CollectionViewCell.xib; sourceTree = "<group>"; };
/* End PBXFileReference section */

/* Begin PBXFrameworksBuildPhase section */
		9D9207C62226D9A3001593BF /* Frameworks */ = {
			isa = PBXFrameworksBuildPhase;
			buildActionMask = 2147483647;
			files = (
				567E3BBE01BCDB66A7A2388E /* Pods_MatchEmUpGameTest.framework in Frameworks */,
			);
			runOnlyForDeploymentPostprocessing = 0;
		};
/* End PBXFrameworksBuildPhase section */

/* Begin PBXGroup section */
		383789BCDDA273765AB8AE58 /* Pods */ = {
			isa = PBXGroup;
			children = (
				87F58B251AFD61202C5E1B81 /* Pods-MatchEmUpGameTest.debug.xcconfig */,
				8A16F92E0EE75582EB65C639 /* Pods-MatchEmUpGameTest.release.xcconfig */,
			);
			path = Pods;
			sourceTree = "<group>";
		};
		7FC5783B3D5D1C2AACB212DC /* Frameworks */ = {
			isa = PBXGroup;
			children = (
				3D632BBE8436E8DB06242C8B /* Pods_MatchEmUpGameTest.framework */,
			);
			name = Frameworks;
			sourceTree = "<group>";
		};
		9D9207C02226D9A3001593BF = {
			isa = PBXGroup;
			children = (
				9D9207CB2226D9A3001593BF /* MatchEmUpGameTest */,
				9D9207CA2226D9A3001593BF /* Products */,
				383789BCDDA273765AB8AE58 /* Pods */,
				7FC5783B3D5D1C2AACB212DC /* Frameworks */,
			);
			sourceTree = "<group>";
		};
		9D9207CA2226D9A3001593BF /* Products */ = {
			isa = PBXGroup;
			children = (
				9D9207C92226D9A3001593BF /* MatchEmUpGameTest.app */,
			);
			name = Products;
			sourceTree = "<group>";
		};
		9D9207CB2226D9A3001593BF /* MatchEmUpGameTest */ = {
			isa = PBXGroup;
			children = (
				9D9207DE2226DA9D001593BF /* Constants */,
				9D9207CC2226D9A3001593BF /* AppDelegate.swift */,
				9D9207CE2226D9A3001593BF /* ViewController.swift */,
				9D9207D02226D9A3001593BF /* Main.storyboard */,
				9D9207D32226D9A5001593BF /* Assets.xcassets */,
				9D9207D52226D9A5001593BF /* LaunchScreen.storyboard */,
				9D9207D82226D9A5001593BF /* Info.plist */,
				9D9207E32226DE1E001593BF /* RestAPI.swift */,
				9D9207E52226E15A001593BF /* Settings.swift */,
				9D9207E72226FC52001593BF /* CollectionViewCell.swift */,
				9D9207E82226FC52001593BF /* CollectionViewCell.xib */,
			);
			path = MatchEmUpGameTest;
			sourceTree = "<group>";
		};
		9D9207DE2226DA9D001593BF /* Constants */ = {
			isa = PBXGroup;
			children = (
				9D9207DF2226DADE001593BF /* Strings.swift */,
				9D9207E12226DAF7001593BF /* Colors.swift */,
			);
			path = Constants;
			sourceTree = "<group>";
		};
/* End PBXGroup section */

/* Begin PBXNativeTarget section */
		9D9207C82226D9A3001593BF /* MatchEmUpGameTest */ = {
			isa = PBXNativeTarget;
			buildConfigurationList = 9D9207DB2226D9A5001593BF /* Build configuration list for PBXNativeTarget "MatchEmUpGameTest" */;
			buildPhases = (
				0AD7F6162C13B35AFA32E0CA /* [CP] Check Pods Manifest.lock */,
				9D9207C52226D9A3001593BF /* Sources */,
				9D9207C62226D9A3001593BF /* Frameworks */,
				9D9207C72226D9A3001593BF /* Resources */,
				43B5D1F4FA66B4F49F5A12A6 /* [CP] Embed Pods Frameworks */,
			);
			buildRules = (
			);
			dependencies = (
			);
			name = MatchEmUpGameTest;
			productName = MatchEmUpGameTest;
			productReference = 9D9207C92226D9A3001593BF /* MatchEmUpGameTest.app */;
			productType = "com.apple.product-type.application";
		};
/* End PBXNativeTarget section */

/* Begin PBXProject section */
		9D9207C12226D9A3001593BF /* Project object */ = {
			isa = PBXProject;
			attributes = {
				LastSwiftUpdateCheck = 1010;
				LastUpgradeCheck = 1010;
				ORGANIZATIONNAME = "Денис Марков";
				TargetAttributes = {
					9D9207C82226D9A3001593BF = {
						CreatedOnToolsVersion = 10.1;
					};
				};
			};
			buildConfigurationList = 9D9207C42226D9A3001593BF /* Build configuration list for PBXProject "MatchEmUpGameTest" */;
			compatibilityVersion = "Xcode 9.3";
			developmentRegion = en;
			hasScannedForEncodings = 0;
			knownRegions = (
				en,
				Base,
			);
			mainGroup = 9D9207C02226D9A3001593BF;
			productRefGroup = 9D9207CA2226D9A3001593BF /* Products */;
			projectDirPath = "";
			projectRoot = "";
			targets = (
				9D9207C82226D9A3001593BF /* MatchEmUpGameTest */,
			);
		};
/* End PBXProject section */

/* Begin PBXResourcesBuildPhase section */
		9D9207C72226D9A3001593BF /* Resources */ = {
			isa = PBXResourcesBuildPhase;
			buildActionMask = 2147483647;
			files = (
				9D9207D72226D9A5001593BF /* LaunchScreen.storyboard in Resources */,
				9D9207D42226D9A5001593BF /* Assets.xcassets in Resources */,
				9D9207EA2226FC52001593BF /* CollectionViewCell.xib in Resources */,
				9D9207D22226D9A3001593BF /* Main.storyboard in Resources */,
			);
			runOnlyForDeploymentPostprocessing = 0;
		};
/* End PBXResourcesBuildPhase section */

/* Begin PBXShellScriptBuildPhase section */
		0AD7F6162C13B35AFA32E0CA /* [CP] Check Pods Manifest.lock */ = {
			isa = PBXShellScriptBuildPhase;
			buildActionMask = 2147483647;
			files = (
			);
			inputFileListPaths = (
			);
			inputPaths = (
				"${PODS_PODFILE_DIR_PATH}/Podfile.lock",
				"${PODS_ROOT}/Manifest.lock",
			);
			name = "[CP] Check Pods Manifest.lock";
			outputFileListPaths = (
			);
			outputPaths = (
				"$(DERIVED_FILE_DIR)/Pods-MatchEmUpGameTest-checkManifestLockResult.txt",
			);
			runOnlyForDeploymentPostprocessing = 0;
			shellPath = /bin/sh;
			shellScript = "diff \"${PODS_PODFILE_DIR_PATH}/Podfile.lock\" \"${PODS_ROOT}/Manifest.lock\" > /dev/null\nif [ $? != 0 ] ; then\n    # print error to STDERR\n    echo \"error: The sandbox is not in sync with the Podfile.lock. Run 'pod install' or update your CocoaPods installation.\" >&2\n    exit 1\nfi\n# This output is used by Xcode 'outputs' to avoid re-running this script phase.\necho \"SUCCESS\" > \"${SCRIPT_OUTPUT_FILE_0}\"\n";
			showEnvVarsInLog = 0;
		};
		43B5D1F4FA66B4F49F5A12A6 /* [CP] Embed Pods Frameworks */ = {
			isa = PBXShellScriptBuildPhase;
			buildActionMask = 2147483647;
			files = (
			);
			inputFileListPaths = (
			);
			inputPaths = (
				"${PODS_ROOT}/Target Support Files/Pods-MatchEmUpGameTest/Pods-MatchEmUpGameTest-frameworks.sh",
				"${BUILT_PRODUCTS_DIR}/Alamofire/Alamofire.framework",
				"${BUILT_PRODUCTS_DIR}/AlamofireImage/AlamofireImage.framework",
				"${BUILT_PRODUCTS_DIR}/AlamofireObjectMapper/AlamofireObjectMapper.framework",
				"${BUILT_PRODUCTS_DIR}/ObjectMapper/ObjectMapper.framework",
				"${BUILT_PRODUCTS_DIR}/SwiftyJSON/SwiftyJSON.framework",
			);
			name = "[CP] Embed Pods Frameworks";
			outputFileListPaths = (
			);
			outputPaths = (
				"${TARGET_BUILD_DIR}/${FRAMEWORKS_FOLDER_PATH}/Alamofire.framework",
				"${TARGET_BUILD_DIR}/${FRAMEWORKS_FOLDER_PATH}/AlamofireImage.framework",
				"${TARGET_BUILD_DIR}/${FRAMEWORKS_FOLDER_PATH}/AlamofireObjectMapper.framework",
				"${TARGET_BUILD_DIR}/${FRAMEWORKS_FOLDER_PATH}/ObjectMapper.framework",
				"${TARGET_BUILD_DIR}/${FRAMEWORKS_FOLDER_PATH}/SwiftyJSON.framework",
			);
			runOnlyForDeploymentPostprocessing = 0;
			shellPath = /bin/sh;
			shellScript = "\"${PODS_ROOT}/Target Support Files/Pods-MatchEmUpGameTest/Pods-MatchEmUpGameTest-frameworks.sh\"\n";
			showEnvVarsInLog = 0;
		};
/* End PBXShellScriptBuildPhase section */

/* Begin PBXSourcesBuildPhase section */
		9D9207C52226D9A3001593BF /* Sources */ = {
			isa = PBXSourcesBuildPhase;
			buildActionMask = 2147483647;
			files = (
				9D9207E62226E15A001593BF /* Settings.swift in Sources */,
				9D9207CF2226D9A3001593BF /* ViewController.swift in Sources */,
				9D9207E22226DAF7001593BF /* Colors.swift in Sources */,
				9D9207E92226FC52001593BF /* CollectionViewCell.swift in Sources */,
				9D9207E02226DADE001593BF /* Strings.swift in Sources */,
				9D9207CD2226D9A3001593BF /* AppDelegate.swift in Sources */,
				9D9207E42226DE1E001593BF /* RestAPI.swift in Sources */,
			);
			runOnlyForDeploymentPostprocessing = 0;
		};
/* End PBXSourcesBuildPhase section */

/* Begin PBXVariantGroup section */
		9D9207D02226D9A3001593BF /* Main.storyboard */ = {
			isa = PBXVariantGroup;
			children = (
				9D9207D12226D9A3001593BF /* Base */,
			);
			name = Main.storyboard;
			sourceTree = "<group>";
		};
		9D9207D52226D9A5001593BF /* LaunchScreen.storyboard */ = {
			isa = PBXVariantGroup;
			children = (
				9D9207D62226D9A5001593BF /* Base */,
			);
			name = LaunchScreen.storyboard;
			sourceTree = "<group>";
		};
/* End PBXVariantGroup section */

/* Begin XCBuildConfiguration section */
		9D9207D92226D9A5001593BF /* Debug */ = {
			isa = XCBuildConfiguration;
			buildSettings = {
				ALWAYS_SEARCH_USER_PATHS = NO;
				CLANG_ANALYZER_NONNULL = YES;
				CLANG_ANALYZER_NUMBER_OBJECT_CONVERSION = YES_AGGRESSIVE;
				CLANG_CXX_LANGUAGE_STANDARD = "gnu++14";
				CLANG_CXX_LIBRARY = "libc++";
				CLANG_ENABLE_MODULES = YES;
				CLANG_ENABLE_OBJC_ARC = YES;
				CLANG_ENABLE_OBJC_WEAK = YES;
				CLANG_WARN_BLOCK_CAPTURE_AUTORELEASING = YES;
				CLANG_WARN_BOOL_CONVERSION = YES;
				CLANG_WARN_COMMA = YES;
				CLANG_WARN_CONSTANT_CONVERSION = YES;
				CLANG_WARN_DEPRECATED_OBJC_IMPLEMENTATIONS = YES;
				CLANG_WARN_DIRECT_OBJC_ISA_USAGE = YES_ERROR;
				CLANG_WARN_DOCUMENTATION_COMMENTS = YES;
				CLANG_WARN_EMPTY_BODY = YES;
				CLANG_WARN_ENUM_CONVERSION = YES;
				CLANG_WARN_INFINITE_RECURSION = YES;
				CLANG_WARN_INT_CONVERSION = YES;
				CLANG_WARN_NON_LITERAL_NULL_CONVERSION = YES;
				CLANG_WARN_OBJC_IMPLICIT_RETAIN_SELF = YES;
				CLANG_WARN_OBJC_LITERAL_CONVERSION = YES;
				CLANG_WARN_OBJC_ROOT_CLASS = YES_ERROR;
				CLANG_WARN_RANGE_LOOP_ANALYSIS = YES;
				CLANG_WARN_STRICT_PROTOTYPES = YES;
				CLANG_WARN_SUSPICIOUS_MOVE = YES;
				CLANG_WARN_UNGUARDED_AVAILABILITY = YES_AGGRESSIVE;
				CLANG_WARN_UNREACHABLE_CODE = YES;
				CLANG_WARN__DUPLICATE_METHOD_MATCH = YES;
				CODE_SIGN_IDENTITY = "iPhone Developer";
				COPY_PHASE_STRIP = NO;
				DEBUG_INFORMATION_FORMAT = dwarf;
				ENABLE_STRICT_OBJC_MSGSEND = YES;
				ENABLE_TESTABILITY = YES;
				GCC_C_LANGUAGE_STANDARD = gnu11;
				GCC_DYNAMIC_NO_PIC = NO;
				GCC_NO_COMMON_BLOCKS = YES;
				GCC_OPTIMIZATION_LEVEL = 0;
				GCC_PREPROCESSOR_DEFINITIONS = (
					"DEBUG=1",
					"$(inherited)",
				);
				GCC_WARN_64_TO_32_BIT_CONVERSION = YES;
				GCC_WARN_ABOUT_RETURN_TYPE = YES_ERROR;
				GCC_WARN_UNDECLARED_SELECTOR = YES;
				GCC_WARN_UNINITIALIZED_AUTOS = YES_AGGRESSIVE;
				GCC_WARN_UNUSED_FUNCTION = YES;
				GCC_WARN_UNUSED_VARIABLE = YES;
				IPHONEOS_DEPLOYMENT_TARGET = 12.1;
				MTL_ENABLE_DEBUG_INFO = INCLUDE_SOURCE;
				MTL_FAST_MATH = YES;
				ONLY_ACTIVE_ARCH = YES;
				SDKROOT = iphoneos;
				SWIFT_ACTIVE_COMPILATION_CONDITIONS = DEBUG;
				SWIFT_OPTIMIZATION_LEVEL = "-Onone";
			};
			name = Debug;
		};
		9D9207DA2226D9A5001593BF /* Release */ = {
			isa = XCBuildConfiguration;
			buildSettings = {
				ALWAYS_SEARCH_USER_PATHS = NO;
				CLANG_ANALYZER_NONNULL = YES;
				CLANG_ANALYZER_NUMBER_OBJECT_CONVERSION = YES_AGGRESSIVE;
				CLANG_CXX_LANGUAGE_STANDARD = "gnu++14";
				CLANG_CXX_LIBRARY = "libc++";
				CLANG_ENABLE_MODULES = YES;
				CLANG_ENABLE_OBJC_ARC = YES;
				CLANG_ENABLE_OBJC_WEAK = YES;
				CLANG_WARN_BLOCK_CAPTURE_AUTORELEASING = YES;
				CLANG_WARN_BOOL_CONVERSION = YES;
				CLANG_WARN_COMMA = YES;
				CLANG_WARN_CONSTANT_CONVERSION = YES;
				CLANG_WARN_DEPRECATED_OBJC_IMPLEMENTATIONS = YES;
				CLANG_WARN_DIRECT_OBJC_ISA_USAGE = YES_ERROR;
				CLANG_WARN_DOCUMENTATION_COMMENTS = YES;
				CLANG_WARN_EMPTY_BODY = YES;
				CLANG_WARN_ENUM_CONVERSION = YES;
				CLANG_WARN_INFINITE_RECURSION = YES;
				CLANG_WARN_INT_CONVERSION = YES;
				CLANG_WARN_NON_LITERAL_NULL_CONVERSION = YES;
				CLANG_WARN_OBJC_IMPLICIT_RETAIN_SELF = YES;
				CLANG_WARN_OBJC_LITERAL_CONVERSION = YES;
				CLANG_WARN_OBJC_ROOT_CLASS = YES_ERROR;
				CLANG_WARN_RANGE_LOOP_ANALYSIS = YES;
				CLANG_WARN_STRICT_PROTOTYPES = YES;
				CLANG_WARN_SUSPICIOUS_MOVE = YES;
				CLANG_WARN_UNGUARDED_AVAILABILITY = YES_AGGRESSIVE;
				CLANG_WARN_UNREACHABLE_CODE = YES;
				CLANG_WARN__DUPLICATE_METHOD_MATCH = YES;
				CODE_SIGN_IDENTITY = "iPhone Developer";
				COPY_PHASE_STRIP = NO;
				DEBUG_INFORMATION_FORMAT = "dwarf-with-dsym";
				ENABLE_NS_ASSERTIONS = NO;
				ENABLE_STRICT_OBJC_MSGSEND = YES;
				GCC_C_LANGUAGE_STANDARD = gnu11;
				GCC_NO_COMMON_BLOCKS = YES;
				GCC_WARN_64_TO_32_BIT_CONVERSION = YES;
				GCC_WARN_ABOUT_RETURN_TYPE = YES_ERROR;
				GCC_WARN_UNDECLARED_SELECTOR = YES;
				GCC_WARN_UNINITIALIZED_AUTOS = YES_AGGRESSIVE;
				GCC_WARN_UNUSED_FUNCTION = YES;
				GCC_WARN_UNUSED_VARIABLE = YES;
				IPHONEOS_DEPLOYMENT_TARGET = 12.1;
				MTL_ENABLE_DEBUG_INFO = NO;
				MTL_FAST_MATH = YES;
				SDKROOT = iphoneos;
				SWIFT_COMPILATION_MODE = wholemodule;
				SWIFT_OPTIMIZATION_LEVEL = "-O";
				VALIDATE_PRODUCT = YES;
			};
			name = Release;
		};
		9D9207DC2226D9A5001593BF /* Debug */ = {
			isa = XCBuildConfiguration;
			baseConfigurationReference = 87F58B251AFD61202C5E1B81 /* Pods-MatchEmUpGameTest.debug.xcconfig */;
			buildSettings = {
				ASSETCATALOG_COMPILER_APPICON_NAME = AppIcon;
				CODE_SIGN_STYLE = Automatic;
				DEVELOPMENT_TEAM = 7XSVATSQ6N;
				INFOPLIST_FILE = MatchEmUpGameTest/Info.plist;
				LD_RUNPATH_SEARCH_PATHS = (
					"$(inherited)",
					"@executable_path/Frameworks",
				);
				PRODUCT_BUNDLE_IDENTIFIER = Kinect.Pro.MatchEmUpGameTest;
				PRODUCT_NAME = "$(TARGET_NAME)";
				SWIFT_VERSION = 4.2;
				TARGETED_DEVICE_FAMILY = "1,2";
			};
			name = Debug;
		};
		9D9207DD2226D9A5001593BF /* Release */ = {
			isa = XCBuildConfiguration;
			baseConfigurationReference = 8A16F92E0EE75582EB65C639 /* Pods-MatchEmUpGameTest.release.xcconfig */;
			buildSettings = {
				ASSETCATALOG_COMPILER_APPICON_NAME = AppIcon;
				CODE_SIGN_STYLE = Automatic;
				DEVELOPMENT_TEAM = 7XSVATSQ6N;
				INFOPLIST_FILE = MatchEmUpGameTest/Info.plist;
				LD_RUNPATH_SEARCH_PATHS = (
					"$(inherited)",
					"@executable_path/Frameworks",
				);
				PRODUCT_BUNDLE_IDENTIFIER = Kinect.Pro.MatchEmUpGameTest;
				PRODUCT_NAME = "$(TARGET_NAME)";
				SWIFT_VERSION = 4.2;
				TARGETED_DEVICE_FAMILY = "1,2";
			};
			name = Release;
		};
/* End XCBuildConfiguration section */

/* Begin XCConfigurationList section */
		9D9207C42226D9A3001593BF /* Build configuration list for PBXProject "MatchEmUpGameTest" */ = {
			isa = XCConfigurationList;
			buildConfigurations = (
				9D9207D92226D9A5001593BF /* Debug */,
				9D9207DA2226D9A5001593BF /* Release */,
			);
			defaultConfigurationIsVisible = 0;
			defaultConfigurationName = Release;
		};
		9D9207DB2226D9A5001593BF /* Build configuration list for PBXNativeTarget "MatchEmUpGameTest" */ = {
			isa = XCConfigurationList;
			buildConfigurations = (
				9D9207DC2226D9A5001593BF /* Debug */,
				9D9207DD2226D9A5001593BF /* Release */,
			);
			defaultConfigurationIsVisible = 0;
			defaultConfigurationName = Release;
		};
/* End XCConfigurationList section */
	};
	rootObject = 9D9207C12226D9A3001593BF /* Project object */;
}
